// !$*UTF8*$!
{
	archiveVersion = 1;
	classes = {
	};
	objectVersion = 46;
	objects = {

/* Begin PBXBuildFile section */
		AB1B963E1BF18C7B00966746 /* main.m in Sources */ = {isa = PBXBuildFile; fileRef = AB1B963D1BF18C7B00966746 /* main.m */; };
		AB1B96411BF18C7B00966746 /* AppDelegate.m in Sources */ = {isa = PBXBuildFile; fileRef = AB1B96401BF18C7B00966746 /* AppDelegate.m */; };
		AB1B96441BF18C7B00966746 /* ViewController.m in Sources */ = {isa = PBXBuildFile; fileRef = AB1B96431BF18C7B00966746 /* ViewController.m */; };
		AB1B96491BF18C7B00966746 /* Assets.xcassets in Resources */ = {isa = PBXBuildFile; fileRef = AB1B96481BF18C7B00966746 /* Assets.xcassets */; };
		AB1B964C1BF18C7B00966746 /* LaunchScreen.storyboard in Resources */ = {isa = PBXBuildFile; fileRef = AB1B964A1BF18C7B00966746 /* LaunchScreen.storyboard */; };
		AB1B96571BF18C7B00966746 /* MLTransitionTests.m in Sources */ = {isa = PBXBuildFile; fileRef = AB1B96561BF18C7B00966746 /* MLTransitionTests.m */; };
		AB1B96621BF18C7B00966746 /* MLTransitionUITests.m in Sources */ = {isa = PBXBuildFile; fileRef = AB1B96611BF18C7B00966746 /* MLTransitionUITests.m */; };
		AB1B96711BF18C9200966746 /* Main.storyboard in Resources */ = {isa = PBXBuildFile; fileRef = AB1B96701BF18C9200966746 /* Main.storyboard */; };
		AB1B96741BF18CAD00966746 /* MLSubmit.m in Sources */ = {isa = PBXBuildFile; fileRef = AB1B96731BF18CAD00966746 /* MLSubmit.m */; };
/* End PBXBuildFile section */

/* Begin PBXContainerItemProxy section */
		AB1B96531BF18C7B00966746 /* PBXContainerItemProxy */ = {
			isa = PBXContainerItemProxy;
			containerPortal = AB1B96311BF18C7B00966746 /* Project object */;
			proxyType = 1;
			remoteGlobalIDString = AB1B96381BF18C7B00966746;
			remoteInfo = MLTransition;
		};
		AB1B965E1BF18C7B00966746 /* PBXContainerItemProxy */ = {
			isa = PBXContainerItemProxy;
			containerPortal = AB1B96311BF18C7B00966746 /* Project object */;
			proxyType = 1;
			remoteGlobalIDString = AB1B96381BF18C7B00966746;
			remoteInfo = MLTransition;
		};
/* End PBXContainerItemProxy section */

/* Begin PBXFileReference section */
		AB1B96391BF18C7B00966746 /* MLTransition.app */ = {isa = PBXFileReference; explicitFileType = wrapper.application; includeInIndex = 0; path = MLTransition.app; sourceTree = BUILT_PRODUCTS_DIR; };
		AB1B963D1BF18C7B00966746 /* main.m */ = {isa = PBXFileReference; lastKnownFileType = sourcecode.c.objc; path = main.m; sourceTree = "<group>"; };
		AB1B963F1BF18C7B00966746 /* AppDelegate.h */ = {isa = PBXFileReference; lastKnownFileType = sourcecode.c.h; path = AppDelegate.h; sourceTree = "<group>"; };
		AB1B96401BF18C7B00966746 /* AppDelegate.m */ = {isa = PBXFileReference; lastKnownFileType = sourcecode.c.objc; path = AppDelegate.m; sourceTree = "<group>"; };
		AB1B96421BF18C7B00966746 /* ViewController.h */ = {isa = PBXFileReference; lastKnownFileType = sourcecode.c.h; path = ViewController.h; sourceTree = "<group>"; };
		AB1B96431BF18C7B00966746 /* ViewController.m */ = {isa = PBXFileReference; lastKnownFileType = sourcecode.c.objc; path = ViewController.m; sourceTree = "<group>"; };
		AB1B96481BF18C7B00966746 /* Assets.xcassets */ = {isa = PBXFileReference; lastKnownFileType = folder.assetcatalog; path = Assets.xcassets; sourceTree = "<group>"; };
		AB1B964B1BF18C7B00966746 /* Base */ = {isa = PBXFileReference; lastKnownFileType = file.storyboard; name = Base; path = Base.lproj/LaunchScreen.storyboard; sourceTree = "<group>"; };
		AB1B964D1BF18C7B00966746 /* Info.plist */ = {isa = PBXFileReference; lastKnownFileType = text.plist.xml; path = Info.plist; sourceTree = "<group>"; };
		AB1B96521BF18C7B00966746 /* MLTransitionTests.xctest */ = {isa = PBXFileReference; explicitFileType = wrapper.cfbundle; includeInIndex = 0; path = MLTransitionTests.xctest; sourceTree = BUILT_PRODUCTS_DIR; };
		AB1B96561BF18C7B00966746 /* MLTransitionTests.m */ = {isa = PBXFileReference; lastKnownFileType = sourcecode.c.objc; path = MLTransitionTests.m; sourceTree = "<group>"; };
		AB1B96581BF18C7B00966746 /* Info.plist */ = {isa = PBXFileReference; lastKnownFileType = text.plist.xml; path = Info.plist; sourceTree = "<group>"; };
		AB1B965D1BF18C7B00966746 /* MLTransitionUITests.xctest */ = {isa = PBXFileReference; explicitFileType = wrapper.cfbundle; includeInIndex = 0; path = MLTransitionUITests.xctest; sourceTree = BUILT_PRODUCTS_DIR; };
		AB1B96611BF18C7B00966746 /* MLTransitionUITests.m */ = {isa = PBXFileReference; lastKnownFileType = sourcecode.c.objc; path = MLTransitionUITests.m; sourceTree = "<group>"; };
		AB1B96631BF18C7B00966746 /* Info.plist */ = {isa = PBXFileReference; lastKnownFileType = text.plist.xml; path = Info.plist; sourceTree = "<group>"; };
		AB1B966F1BF18C9200966746 /* Base */ = {isa = PBXFileReference; lastKnownFileType = file.storyboard; name = Base; path = Base.lproj/Main.storyboard; sourceTree = "<group>"; };
		AB1B96721BF18CAD00966746 /* MLSubmit.h */ = {isa = PBXFileReference; fileEncoding = 4; lastKnownFileType = sourcecode.c.h; path = MLSubmit.h; sourceTree = "<group>"; };
		AB1B96731BF18CAD00966746 /* MLSubmit.m */ = {isa = PBXFileReference; fileEncoding = 4; lastKnownFileType = sourcecode.c.objc; path = MLSubmit.m; sourceTree = "<group>"; };
/* End PBXFileReference section */

/* Begin PBXFrameworksBuildPhase section */
		AB1B96361BF18C7B00966746 /* Frameworks */ = {
			isa = PBXFrameworksBuildPhase;
			buildActionMask = 2147483647;
			files = (
			);
			runOnlyForDeploymentPostprocessing = 0;
		};
		AB1B964F1BF18C7B00966746 /* Frameworks */ = {
			isa = PBXFrameworksBuildPhase;
			buildActionMask = 2147483647;
			files = (
			);
			runOnlyForDeploymentPostprocessing = 0;
		};
		AB1B965A1BF18C7B00966746 /* Frameworks */ = {
			isa = PBXFrameworksBuildPhase;
			buildActionMask = 2147483647;
			files = (
			);
			runOnlyForDeploymentPostprocessing = 0;
		};
/* End PBXFrameworksBuildPhase section */

/* Begin PBXGroup section */
		AB1B96301BF18C7B00966746 = {
			isa = PBXGroup;
			children = (
				AB1B963B1BF18C7B00966746 /* MLTransition */,
				AB1B96551BF18C7B00966746 /* MLTransitionTests */,
				AB1B96601BF18C7B00966746 /* MLTransitionUITests */,
				AB1B963A1BF18C7B00966746 /* Products */,
			);
			sourceTree = "<group>";
		};
		AB1B963A1BF18C7B00966746 /* Products */ = {
			isa = PBXGroup;
			children = (
				AB1B96391BF18C7B00966746 /* MLTransition.app */,
				AB1B96521BF18C7B00966746 /* MLTransitionTests.xctest */,
				AB1B965D1BF18C7B00966746 /* MLTransitionUITests.xctest */,
			);
			name = Products;
			sourceTree = "<group>";
		};
		AB1B963B1BF18C7B00966746 /* MLTransition */ = {
			isa = PBXGroup;
			children = (
				AB1B96751BF18CE200966746 /* Class */,
				AB1B963F1BF18C7B00966746 /* AppDelegate.h */,
				AB1B96401BF18C7B00966746 /* AppDelegate.m */,
				AB1B96421BF18C7B00966746 /* ViewController.h */,
				AB1B96431BF18C7B00966746 /* ViewController.m */,
				AB1B96701BF18C9200966746 /* Main.storyboard */,
				AB1B96481BF18C7B00966746 /* Assets.xcassets */,
				AB1B964A1BF18C7B00966746 /* LaunchScreen.storyboard */,
				AB1B964D1BF18C7B00966746 /* Info.plist */,
				AB1B963C1BF18C7B00966746 /* Supporting Files */,
			);
			path = MLTransition;
			sourceTree = "<group>";
		};
		AB1B963C1BF18C7B00966746 /* Supporting Files */ = {
			isa = PBXGroup;
			children = (
				AB1B963D1BF18C7B00966746 /* main.m */,
			);
			name = "Supporting Files";
			sourceTree = "<group>";
		};
		AB1B96551BF18C7B00966746 /* MLTransitionTests */ = {
			isa = PBXGroup;
			children = (
				AB1B96561BF18C7B00966746 /* MLTransitionTests.m */,
				AB1B96581BF18C7B00966746 /* Info.plist */,
			);
			path = MLTransitionTests;
			sourceTree = "<group>";
		};
		AB1B96601BF18C7B00966746 /* MLTransitionUITests */ = {
			isa = PBXGroup;
			children = (
				AB1B96611BF18C7B00966746 /* MLTransitionUITests.m */,
				AB1B96631BF18C7B00966746 /* Info.plist */,
			);
			path = MLTransitionUITests;
			sourceTree = "<group>";
		};
		AB1B96751BF18CE200966746 /* Class */ = {
			isa = PBXGroup;
			children = (
				AB1B96721BF18CAD00966746 /* MLSubmit.h */,
				AB1B96731BF18CAD00966746 /* MLSubmit.m */,
			);
			name = Class;
			sourceTree = "<group>";
		};
/* End PBXGroup section */

/* Begin PBXNativeTarget section */
		AB1B96381BF18C7B00966746 /* MLTransition */ = {
			isa = PBXNativeTarget;
			buildConfigurationList = AB1B96661BF18C7B00966746 /* Build configuration list for PBXNativeTarget "MLTransition" */;
			buildPhases = (
				AB1B96351BF18C7B00966746 /* Sources */,
				AB1B96361BF18C7B00966746 /* Frameworks */,
				AB1B96371BF18C7B00966746 /* Resources */,
			);
			buildRules = (
			);
			dependencies = (
			);
			name = MLTransition;
			productName = MLTransition;
			productReference = AB1B96391BF18C7B00966746 /* MLTransition.app */;
			productType = "com.apple.product-type.application";
		};
		AB1B96511BF18C7B00966746 /* MLTransitionTests */ = {
			isa = PBXNativeTarget;
			buildConfigurationList = AB1B96691BF18C7B00966746 /* Build configuration list for PBXNativeTarget "MLTransitionTests" */;
			buildPhases = (
				AB1B964E1BF18C7B00966746 /* Sources */,
				AB1B964F1BF18C7B00966746 /* Frameworks */,
				AB1B96501BF18C7B00966746 /* Resources */,
			);
			buildRules = (
			);
			dependencies = (
				AB1B96541BF18C7B00966746 /* PBXTargetDependency */,
			);
			name = MLTransitionTests;
			productName = MLTransitionTests;
			productReference = AB1B96521BF18C7B00966746 /* MLTransitionTests.xctest */;
			productType = "com.apple.product-type.bundle.unit-test";
		};
		AB1B965C1BF18C7B00966746 /* MLTransitionUITests */ = {
			isa = PBXNativeTarget;
			buildConfigurationList = AB1B966C1BF18C7B00966746 /* Build configuration list for PBXNativeTarget "MLTransitionUITests" */;
			buildPhases = (
				AB1B96591BF18C7B00966746 /* Sources */,
				AB1B965A1BF18C7B00966746 /* Frameworks */,
				AB1B965B1BF18C7B00966746 /* Resources */,
			);
			buildRules = (
			);
			dependencies = (
				AB1B965F1BF18C7B00966746 /* PBXTargetDependency */,
			);
			name = MLTransitionUITests;
			productName = MLTransitionUITests;
			productReference = AB1B965D1BF18C7B00966746 /* MLTransitionUITests.xctest */;
			productType = "com.apple.product-type.bundle.ui-testing";
		};
/* End PBXNativeTarget section */

/* Begin PBXProject section */
		AB1B96311BF18C7B00966746 /* Project object */ = {
			isa = PBXProject;
			attributes = {
				LastUpgradeCheck = 0710;
				ORGANIZATIONNAME = "磊";
				TargetAttributes = {
					AB1B96381BF18C7B00966746 = {
						CreatedOnToolsVersion = 7.1;
						DevelopmentTeam = G5RPGT9NVU;
					};
					AB1B96511BF18C7B00966746 = {
						CreatedOnToolsVersion = 7.1;
						DevelopmentTeam = G5RPGT9NVU;
						TestTargetID = AB1B96381BF18C7B00966746;
					};
					AB1B965C1BF18C7B00966746 = {
						CreatedOnToolsVersion = 7.1;
						DevelopmentTeam = G5RPGT9NVU;
						TestTargetID = AB1B96381BF18C7B00966746;
					};
				};
			};
			buildConfigurationList = AB1B96341BF18C7B00966746 /* Build configuration list for PBXProject "MLTransition" */;
			compatibilityVersion = "Xcode 3.2";
			developmentRegion = English;
			hasScannedForEncodings = 0;
			knownRegions = (
				en,
				Base,
			);
			mainGroup = AB1B96301BF18C7B00966746;
			productRefGroup = AB1B963A1BF18C7B00966746 /* Products */;
			projectDirPath = "";
			projectRoot = "";
			targets = (
				AB1B96381BF18C7B00966746 /* MLTransition */,
				AB1B96511BF18C7B00966746 /* MLTransitionTests */,
				AB1B965C1BF18C7B00966746 /* MLTransitionUITests */,
			);
		};
/* End PBXProject section */

/* Begin PBXResourcesBuildPhase section */
		AB1B96371BF18C7B00966746 /* Resources */ = {
			isa = PBXResourcesBuildPhase;
			buildActionMask = 2147483647;
			files = (
				AB1B96711BF18C9200966746 /* Main.storyboard in Resources */,
				AB1B964C1BF18C7B00966746 /* LaunchScreen.storyboard in Resources */,
				AB1B96491BF18C7B00966746 /* Assets.xcassets in Resources */,
			);
			runOnlyForDeploymentPostprocessing = 0;
		};
		AB1B96501BF18C7B00966746 /* Resources */ = {
			isa = PBXResourcesBuildPhase;
			buildActionMask = 2147483647;
			files = (
			);
			runOnlyForDeploymentPostprocessing = 0;
		};
		AB1B965B1BF18C7B00966746 /* Resources */ = {
			isa = PBXResourcesBuildPhase;
			buildActionMask = 2147483647;
			files = (
			);
			runOnlyForDeploymentPostprocessing = 0;
		};
/* End PBXResourcesBuildPhase section */

/* Begin PBXSourcesBuildPhase section */
		AB1B96351BF18C7B00966746 /* Sources */ = {
			isa = PBXSourcesBuildPhase;
			buildActionMask = 2147483647;
			files = (
				AB1B96441BF18C7B00966746 /* ViewController.m in Sources */,
				AB1B96411BF18C7B00966746 /* AppDelegate.m in Sources */,
				AB1B96741BF18CAD00966746 /* MLSubmit.m in Sources */,
				AB1B963E1BF18C7B00966746 /* main.m in Sources */,
			);
			runOnlyForDeploymentPostprocessing = 0;
		};
		AB1B964E1BF18C7B00966746 /* Sources */ = {
			isa = PBXSourcesBuildPhase;
			buildActionMask = 2147483647;
			files = (
				AB1B96571BF18C7B00966746 /* MLTransitionTests.m in Sources */,
			);
			runOnlyForDeploymentPostprocessing = 0;
		};
		AB1B96591BF18C7B00966746 /* Sources */ = {
			isa = PBXSourcesBuildPhase;
			buildActionMask = 2147483647;
			files = (
				AB1B96621BF18C7B00966746 /* MLTransitionUITests.m in Sources */,
			);
			runOnlyForDeploymentPostprocessing = 0;
		};
/* End PBXSourcesBuildPhase section */

/* Begin PBXTargetDependency section */
		AB1B96541BF18C7B00966746 /* PBXTargetDependency */ = {
			isa = PBXTargetDependency;
			target = AB1B96381BF18C7B00966746 /* MLTransition */;
			targetProxy = AB1B96531BF18C7B00966746 /* PBXContainerItemProxy */;
		};
		AB1B965F1BF18C7B00966746 /* PBXTargetDependency */ = {
			isa = PBXTargetDependency;
			target = AB1B96381BF18C7B00966746 /* MLTransition */;
			targetProxy = AB1B965E1BF18C7B00966746 /* PBXContainerItemProxy */;
		};
/* End PBXTargetDependency section */

/* Begin PBXVariantGroup section */
		AB1B964A1BF18C7B00966746 /* LaunchScreen.storyboard */ = {
			isa = PBXVariantGroup;
			children = (
				AB1B964B1BF18C7B00966746 /* Base */,
			);
			name = LaunchScreen.storyboard;
			sourceTree = "<group>";
		};
		AB1B96701BF18C9200966746 /* Main.storyboard */ = {
			isa = PBXVariantGroup;
			children = (
				AB1B966F1BF18C9200966746 /* Base */,
			);
			name = Main.storyboard;
			path = ../../MLLoginTransition/MLLoginTransition;
			sourceTree = "<group>";
		};
/* End PBXVariantGroup section */

/* Begin XCBuildConfiguration section */
		AB1B96641BF18C7B00966746 /* Debug */ = {
			isa = XCBuildConfiguration;
			buildSettings = {
				ALWAYS_SEARCH_USER_PATHS = NO;
				CLANG_CXX_LANGUAGE_STANDARD = "gnu++0x";
				CLANG_CXX_LIBRARY = "libc++";
				CLANG_ENABLE_MODULES = YES;
				CLANG_ENABLE_OBJC_ARC = YES;
				CLANG_WARN_BOOL_CONVERSION = YES;
				CLANG_WARN_CONSTANT_CONVERSION = YES;
				CLANG_WARN_DIRECT_OBJC_ISA_USAGE = YES_ERROR;
				CLANG_WARN_EMPTY_BODY = YES;
				CLANG_WARN_ENUM_CONVERSION = YES;
				CLANG_WARN_INT_CONVERSION = YES;
				CLANG_WARN_OBJC_ROOT_CLASS = YES_ERROR;
				CLANG_WARN_UNREACHABLE_CODE = YES;
				CLANG_WARN__DUPLICATE_METHOD_MATCH = YES;
				"CODE_SIGN_IDENTITY[sdk=iphoneos*]" = "iPhone Developer";
				COPY_PHASE_STRIP = NO;
				DEBUG_INFORMATION_FORMAT = dwarf;
				ENABLE_STRICT_OBJC_MSGSEND = YES;
				ENABLE_TESTABILITY = YES;
				GCC_C_LANGUAGE_STANDARD = gnu99;
				GCC_DYNAMIC_NO_PIC = NO;
				GCC_NO_COMMON_BLOCKS = YES;
				GCC_OPTIMIZATION_LEVEL = 0;
				GCC_PREPROCESSOR_DEFINITIONS = (
					"DEBUG=1",
					"$(inherited)",
				);
				GCC_WARN_64_TO_32_BIT_CONVERSION = YES;
				GCC_WARN_ABOUT_RETURN_TYPE = YES_ERROR;
				GCC_WARN_UNDECLARED_SELECTOR = YES;
				GCC_WARN_UNINITIALIZED_AUTOS = YES_AGGRESSIVE;
				GCC_WARN_UNUSED_FUNCTION = YES;
				GCC_WARN_UNUSED_VARIABLE = YES;
				IPHONEOS_DEPLOYMENT_TARGET = 9.1;
				MTL_ENABLE_DEBUG_INFO = YES;
				ONLY_ACTIVE_ARCH = YES;
				SDKROOT = iphoneos;
				TARGETED_DEVICE_FAMILY = "1,2";
			};
			name = Debug;
		};
		AB1B96651BF18C7B00966746 /* Release */ = {
			isa = XCBuildConfiguration;
			buildSettings = {
				ALWAYS_SEARCH_USER_PATHS = NO;
				CLANG_CXX_LANGUAGE_STANDARD = "gnu++0x";
				CLANG_CXX_LIBRARY = "libc++";
				CLANG_ENABLE_MODULES = YES;
				CLANG_ENABLE_OBJC_ARC = YES;
				CLANG_WARN_BOOL_CONVERSION = YES;
				CLANG_WARN_CONSTANT_CONVERSION = YES;
				CLANG_WARN_DIRECT_OBJC_ISA_USAGE = YES_ERROR;
				CLANG_WARN_EMPTY_BODY = YES;
				CLANG_WARN_ENUM_CONVERSION = YES;
				CLANG_WARN_INT_CONVERSION = YES;
				CLANG_WARN_OBJC_ROOT_CLASS = YES_ERROR;
				CLANG_WARN_UNREACHABLE_CODE = YES;
				CLANG_WARN__DUPLICATE_METHOD_MATCH = YES;
				"CODE_SIGN_IDENTITY[sdk=iphoneos*]" = "iPhone Developer";
				COPY_PHASE_STRIP = NO;
				DEBUG_INFORMATION_FORMAT = "dwarf-with-dsym";
				ENABLE_NS_ASSERTIONS = NO;
				ENABLE_STRICT_OBJC_MSGSEND = YES;
				GCC_C_LANGUAGE_STANDARD = gnu99;
				GCC_NO_COMMON_BLOCKS = YES;
				GCC_WARN_64_TO_32_BIT_CONVERSION = YES;
				GCC_WARN_ABOUT_RETURN_TYPE = YES_ERROR;
				GCC_WARN_UNDECLARED_SELECTOR = YES;
				GCC_WARN_UNINITIALIZED_AUTOS = YES_AGGRESSIVE;
				GCC_WARN_UNUSED_FUNCTION = YES;
				GCC_WARN_UNUSED_VARIABLE = YES;
				IPHONEOS_DEPLOYMENT_TARGET = 9.1;
				MTL_ENABLE_DEBUG_INFO = NO;
				SDKROOT = iphoneos;
				TARGETED_DEVICE_FAMILY = "1,2";
				VALIDATE_PRODUCT = YES;
			};
			name = Release;
		};
		AB1B96671BF18C7B00966746 /* Debug */ = {
			isa = XCBuildConfiguration;
			buildSettings = {
				ASSETCATALOG_COMPILER_APPICON_NAME = AppIcon;
				INFOPLIST_FILE = MLTransition/Info.plist;
				LD_RUNPATH_SEARCH_PATHS = "$(inherited) @executable_path/Frameworks";
				PRODUCT_BUNDLE_IDENTIFIER = cn.com.sina.MLTransition;
				PRODUCT_NAME = "$(TARGET_NAME)";
			};
			name = Debug;
		};
		AB1B96681BF18C7B00966746 /* Release */ = {
			isa = XCBuildConfiguration;
			buildSettings = {
				ASSETCATALOG_COMPILER_APPICON_NAME = AppIcon;
				INFOPLIST_FILE = MLTransition/Info.plist;
				LD_RUNPATH_SEARCH_PATHS = "$(inherited) @executable_path/Frameworks";
				PRODUCT_BUNDLE_IDENTIFIER = cn.com.sina.MLTransition;
				PRODUCT_NAME = "$(TARGET_NAME)";
			};
			name = Release;
		};
		AB1B966A1BF18C7B00966746 /* Debug */ = {
			isa = XCBuildConfiguration;
			buildSettings = {
				BUNDLE_LOADER = "$(TEST_HOST)";
				INFOPLIST_FILE = MLTransitionTests/Info.plist;
				LD_RUNPATH_SEARCH_PATHS = "$(inherited) @executable_path/Frameworks @loader_path/Frameworks";
				PRODUCT_BUNDLE_IDENTIFIER = cn.com.sina.MLTransitionTests;
				PRODUCT_NAME = "$(TARGET_NAME)";
				TEST_HOST = "$(BUILT_PRODUCTS_DIR)/MLTransition.app/MLTransition";
			};
			name = Debug;
		};
		AB1B966B1BF18C7B00966746 /* Release */ = {
			isa = XCBuildConfiguration;
			buildSettings = {
				BUNDLE_LOADER = "$(TEST_HOST)";
				INFOPLIST_FILE = MLTransitionTests/Info.plist;
				LD_RUNPATH_SEARCH_PATHS = "$(inherited) @executable_path/Frameworks @loader_path/Frameworks";
				PRODUCT_BUNDLE_IDENTIFIER = cn.com.sina.MLTransitionTests;
				PRODUCT_NAME = "$(TARGET_NAME)";
				TEST_HOST = "$(BUILT_PRODUCTS_DIR)/MLTransition.app/MLTransition";
			};
			name = Release;
		};
		AB1B966D1BF18C7B00966746 /* Debug */ = {
			isa = XCBuildConfiguration;
			buildSettings = {
				INFOPLIST_FILE = MLTransitionUITests/Info.plist;
				LD_RUNPATH_SEARCH_PATHS = "$(inherited) @executable_path/Frameworks @loader_path/Frameworks";
				PRODUCT_BUNDLE_IDENTIFIER = cn.com.sina.MLTransitionUITests;
				PRODUCT_NAME = "$(TARGET_NAME)";
				TEST_TARGET_NAME = MLTransition;
				USES_XCTRUNNER = YES;
			};
			name = Debug;
		};
		AB1B966E1BF18C7B00966746 /* Release */ = {
			isa = XCBuildConfiguration;
			buildSettings = {
				INFOPLIST_FILE = MLTransitionUITests/Info.plist;
				LD_RUNPATH_SEARCH_PATHS = "$(inherited) @executable_path/Frameworks @loader_path/Frameworks";
				PRODUCT_BUNDLE_IDENTIFIER = cn.com.sina.MLTransitionUITests;
				PRODUCT_NAME = "$(TARGET_NAME)";
				TEST_TARGET_NAME = MLTransition;
				USES_XCTRUNNER = YES;
			};
			name = Release;
		};
/* End XCBuildConfiguration section */

/* Begin XCConfigurationList section */
		AB1B96341BF18C7B00966746 /* Build configuration list for PBXProject "MLTransition" */ = {
			isa = XCConfigurationList;
			buildConfigurations = (
				AB1B96641BF18C7B00966746 /* Debug */,
				AB1B96651BF18C7B00966746 /* Release */,
			);
			defaultConfigurationIsVisible = 0;
			defaultConfigurationName = Release;
		};
		AB1B96661BF18C7B00966746 /* Build configuration list for PBXNativeTarget "MLTransition" */ = {
			isa = XCConfigurationList;
			buildConfigurations = (
				AB1B96671BF18C7B00966746 /* Debug */,
				AB1B96681BF18C7B00966746 /* Release */,
			);
			defaultConfigurationIsVisible = 0;
		};
		AB1B96691BF18C7B00966746 /* Build configuration list for PBXNativeTarget "MLTransitionTests" */ = {
			isa = XCConfigurationList;
			buildConfigurations = (
				AB1B966A1BF18C7B00966746 /* Debug */,
				AB1B966B1BF18C7B00966746 /* Release */,
			);
			defaultConfigurationIsVisible = 0;
		};
		AB1B966C1BF18C7B00966746 /* Build configuration list for PBXNativeTarget "MLTransitionUITests" */ = {
			isa = XCConfigurationList;
			buildConfigurations = (
				AB1B966D1BF18C7B00966746 /* Debug */,
				AB1B966E1BF18C7B00966746 /* Release */,
			);
			defaultConfigurationIsVisible = 0;
		};
/* End XCConfigurationList section */
	};
	rootObject = AB1B96311BF18C7B00966746 /* Project object */;
}
